
Microsoft Visual Studio Solution File, Format Version 12.00
# Visual Studio Version 16
VisualStudioVersion = 16.0.810.19
MinimumVisualStudioVersion = 10.0.40219.1
Project("{FAE04EC0-301F-11D3-BF4B-00C04F79EFBC}") = "Freelancer-Designer", "Freelancer-Designer\Freelancer-Designer.csproj", "{4457A5A4-531C-4835-91B1-A4066A8562A6}"
EndProject
Global
	GlobalSection(SolutionConfigurationPlatforms) = preSolution
		Debug|Any CPU = Debug|Any CPU
		Release|Any CPU = Release|Any CPU
	EndGlobalSection
	GlobalSection(ProjectConfigurationPlatforms) = postSolution
		{4457A5A4-531C-4835-91B1-A4066A8562A6}.Debug|Any CPU.ActiveCfg = Debug|Any CPU
		{4457A5A4-531C-4835-91B1-A4066A8562A6}.Debug|Any CPU.Build.0 = Debug|Any CPU
		{4457A5A4-531C-4835-91B1-A4066A8562A6}.Release|Any CPU.ActiveCfg = Release|Any CPU
		{4457A5A4-531C-4835-91B1-A4066A8562A6}.Release|Any CPU.Build.0 = Release|Any CPU
	EndGlobalSection
	GlobalSection(SolutionProperties) = preSolution
		HideSolutionNode = FALSE
	EndGlobalSection
	GlobalSection(ExtensibilityGlobals) = postSolution
		SolutionGuid = {CAA40AD6-9210-4031-8176-27A231FB5FC6}
	EndGlobalSection
EndGlobal
